
Microsoft Visual Studio Solution File, Format Version 12.00
# Visual Studio Version 16
VisualStudioVersion = 16.0.31019.35
MinimumVisualStudioVersion = 10.0.40219.1
Project("{FAE04EC0-301F-11D3-BF4B-00C04F79EFBC}") = "ENCViewer", "ENCViewer\ENCViewer.csproj", "{362EA918-B6B5-4E89-8A40-838314A629FD}"
EndProject
Global
	GlobalSection(SolutionConfigurationPlatforms) = preSolution
		Debug|Any CPU = Debug|Any CPU
		Release|Any CPU = Release|Any CPU
	EndGlobalSection
	GlobalSection(ProjectConfigurationPlatforms) = postSolution
		{362EA918-B6B5-4E89-8A40-838314A629FD}.Debug|Any CPU.ActiveCfg = Debug|Any CPU
		{362EA918-B6B5-4E89-8A40-838314A629FD}.Debug|Any CPU.Build.0 = Debug|Any CPU
		{362EA918-B6B5-4E89-8A40-838314A629FD}.Release|Any CPU.ActiveCfg = Release|Any CPU
		{362EA918-B6B5-4E89-8A40-838314A629FD}.Release|Any CPU.Build.0 = Release|Any CPU
	EndGlobalSection
	GlobalSection(SolutionProperties) = preSolution
		HideSolutionNode = FALSE
	EndGlobalSection
	GlobalSection(ExtensibilityGlobals) = postSolution
		SolutionGuid = {ED49D7D3-FC13-4269-8BCF-38E076316AAE}
	EndGlobalSection
EndGlobal
